
Microsoft Visual Studio Solution File, Format Version 12.00
# Visual Studio Version 17
VisualStudioVersion = 17.3.32825.248
MinimumVisualStudioVersion = 10.0.40219.1
Project("{FAE04EC0-301F-11D3-BF4B-00C04F79EFBC}") = "Bank", "Bank\Bank.csproj", "{44447830-5449-4D3F-AD48-2F21BA2F3986}"
EndProject
Global
	GlobalSection(SolutionConfigurationPlatforms) = preSolution
		Debug|Any CPU = Debug|Any CPU
		Release|Any CPU = Release|Any CPU
	EndGlobalSection
	GlobalSection(ProjectConfigurationPlatforms) = postSolution
		{44447830-5449-4D3F-AD48-2F21BA2F3986}.Debug|Any CPU.ActiveCfg = Debug|Any CPU
		{44447830-5449-4D3F-AD48-2F21BA2F3986}.Debug|Any CPU.Build.0 = Debug|Any CPU
		{44447830-5449-4D3F-AD48-2F21BA2F3986}.Release|Any CPU.ActiveCfg = Release|Any CPU
		{44447830-5449-4D3F-AD48-2F21BA2F3986}.Release|Any CPU.Build.0 = Release|Any CPU
	EndGlobalSection
	GlobalSection(SolutionProperties) = preSolution
		HideSolutionNode = FALSE
	EndGlobalSection
	GlobalSection(ExtensibilityGlobals) = postSolution
		SolutionGuid = {ACC59B34-FEEE-43D1-ABFD-AB5C8BC5F19A}
	EndGlobalSection
EndGlobal
